// !$*UTF8*$!
{
	archiveVersion = 1;
	classes = {
	};
	objectVersion = 46;
	objects = {

/* Begin PBXBuildFile section */
		2439CBFE1DADD7BD0099F174 /* YeeCallNavigationController.m in Sources */ = {isa = PBXBuildFile; fileRef = 2439CBFD1DADD7BD0099F174 /* YeeCallNavigationController.m */; };
		2439CC011DADD7EE0099F174 /* YeeCallTabBarController.m in Sources */ = {isa = PBXBuildFile; fileRef = 2439CC001DADD7EE0099F174 /* YeeCallTabBarController.m */; };
		2439CC071DADD8BD0099F174 /* FriendViewController.m in Sources */ = {isa = PBXBuildFile; fileRef = 2439CC061DADD8BD0099F174 /* FriendViewController.m */; };
		2439CC0A1DADD8DA0099F174 /* YeeCallViewController.m in Sources */ = {isa = PBXBuildFile; fileRef = 2439CC091DADD8DA0099F174 /* YeeCallViewController.m */; };
		2439CC0D1DADD8EA0099F174 /* GroupViewController.m in Sources */ = {isa = PBXBuildFile; fileRef = 2439CC0C1DADD8EA0099F174 /* GroupViewController.m */; };
		2439CC101DADD8F60099F174 /* MeViewController.m in Sources */ = {isa = PBXBuildFile; fileRef = 2439CC0F1DADD8F60099F174 /* MeViewController.m */; };
		24DC36591D8A8249001EBED8 /* main.m in Sources */ = {isa = PBXBuildFile; fileRef = 24DC36581D8A8249001EBED8 /* main.m */; };
		24DC365C1D8A8249001EBED8 /* AppDelegate.m in Sources */ = {isa = PBXBuildFile; fileRef = 24DC365B1D8A8249001EBED8 /* AppDelegate.m */; };
		24DC36621D8A8249001EBED8 /* Main.storyboard in Resources */ = {isa = PBXBuildFile; fileRef = 24DC36601D8A8249001EBED8 /* Main.storyboard */; };
		24DC36641D8A8249001EBED8 /* Assets.xcassets in Resources */ = {isa = PBXBuildFile; fileRef = 24DC36631D8A8249001EBED8 /* Assets.xcassets */; };
		24DC36671D8A8249001EBED8 /* LaunchScreen.storyboard in Resources */ = {isa = PBXBuildFile; fileRef = 24DC36651D8A8249001EBED8 /* LaunchScreen.storyboard */; };
/* End PBXBuildFile section */

/* Begin PBXFileReference section */
		2439CBFC1DADD7BD0099F174 /* YeeCallNavigationController.h */ = {isa = PBXFileReference; fileEncoding = 4; lastKnownFileType = sourcecode.c.h; path = YeeCallNavigationController.h; sourceTree = "<group>"; };
		2439CBFD1DADD7BD0099F174 /* YeeCallNavigationController.m */ = {isa = PBXFileReference; fileEncoding = 4; lastKnownFileType = sourcecode.c.objc; path = YeeCallNavigationController.m; sourceTree = "<group>"; };
		2439CBFF1DADD7EE0099F174 /* YeeCallTabBarController.h */ = {isa = PBXFileReference; fileEncoding = 4; lastKnownFileType = sourcecode.c.h; path = YeeCallTabBarController.h; sourceTree = "<group>"; };
		2439CC001DADD7EE0099F174 /* YeeCallTabBarController.m */ = {isa = PBXFileReference; fileEncoding = 4; lastKnownFileType = sourcecode.c.objc; path = YeeCallTabBarController.m; sourceTree = "<group>"; };
		2439CC051DADD8BD0099F174 /* FriendViewController.h */ = {isa = PBXFileReference; fileEncoding = 4; lastKnownFileType = sourcecode.c.h; path = FriendViewController.h; sourceTree = "<group>"; };
		2439CC061DADD8BD0099F174 /* FriendViewController.m */ = {isa = PBXFileReference; fileEncoding = 4; lastKnownFileType = sourcecode.c.objc; path = FriendViewController.m; sourceTree = "<group>"; };
		2439CC081DADD8DA0099F174 /* YeeCallViewController.h */ = {isa = PBXFileReference; fileEncoding = 4; lastKnownFileType = sourcecode.c.h; path = YeeCallViewController.h; sourceTree = "<group>"; };
		2439CC091DADD8DA0099F174 /* YeeCallViewController.m */ = {isa = PBXFileReference; fileEncoding = 4; lastKnownFileType = sourcecode.c.objc; path = YeeCallViewController.m; sourceTree = "<group>"; };
		2439CC0B1DADD8EA0099F174 /* GroupViewController.h */ = {isa = PBXFileReference; fileEncoding = 4; lastKnownFileType = sourcecode.c.h; path = GroupViewController.h; sourceTree = "<group>"; };
		2439CC0C1DADD8EA0099F174 /* GroupViewController.m */ = {isa = PBXFileReference; fileEncoding = 4; lastKnownFileType = sourcecode.c.objc; path = GroupViewController.m; sourceTree = "<group>"; };
		2439CC0E1DADD8F60099F174 /* MeViewController.h */ = {isa = PBXFileReference; fileEncoding = 4; lastKnownFileType = sourcecode.c.h; path = MeViewController.h; sourceTree = "<group>"; };
		2439CC0F1DADD8F60099F174 /* MeViewController.m */ = {isa = PBXFileReference; fileEncoding = 4; lastKnownFileType = sourcecode.c.objc; path = MeViewController.m; sourceTree = "<group>"; };
		24DC36541D8A8249001EBED8 /* Code_ZCW_ChatView.app */ = {isa = PBXFileReference; explicitFileType = wrapper.application; includeInIndex = 0; path = Code_ZCW_ChatView.app; sourceTree = BUILT_PRODUCTS_DIR; };
		24DC36581D8A8249001EBED8 /* main.m */ = {isa = PBXFileReference; lastKnownFileType = sourcecode.c.objc; path = main.m; sourceTree = "<group>"; };
		24DC365A1D8A8249001EBED8 /* AppDelegate.h */ = {isa = PBXFileReference; lastKnownFileType = sourcecode.c.h; path = AppDelegate.h; sourceTree = "<group>"; };
		24DC365B1D8A8249001EBED8 /* AppDelegate.m */ = {isa = PBXFileReference; lastKnownFileType = sourcecode.c.objc; path = AppDelegate.m; sourceTree = "<group>"; };
		24DC36611D8A8249001EBED8 /* Base */ = {isa = PBXFileReference; lastKnownFileType = file.storyboard; name = Base; path = Base.lproj/Main.storyboard; sourceTree = "<group>"; };
		24DC36631D8A8249001EBED8 /* Assets.xcassets */ = {isa = PBXFileReference; lastKnownFileType = folder.assetcatalog; path = Assets.xcassets; sourceTree = "<group>"; };
		24DC36661D8A8249001EBED8 /* Base */ = {isa = PBXFileReference; lastKnownFileType = file.storyboard; name = Base; path = Base.lproj/LaunchScreen.storyboard; sourceTree = "<group>"; };
		24DC36681D8A8249001EBED8 /* Info.plist */ = {isa = PBXFileReference; lastKnownFileType = text.plist.xml; path = Info.plist; sourceTree = "<group>"; };
/* End PBXFileReference section */

/* Begin PBXFrameworksBuildPhase section */
		24DC36511D8A8249001EBED8 /* Frameworks */ = {
			isa = PBXFrameworksBuildPhase;
			buildActionMask = 2147483647;
			files = (
			);
			runOnlyForDeploymentPostprocessing = 0;
		};
/* End PBXFrameworksBuildPhase section */

/* Begin PBXGroup section */
		2439CBF51DADD3D60099F174 /* Classes */ = {
			isa = PBXGroup;
			children = (
				2439CBF71DADD51E0099F174 /* Main */,
				2439CBF81DADD52C0099F174 /* YeeCall(一块) */,
				2439CBFB1DADD5AA0099F174 /* Friend(好友) */,
				2439CBFA1DADD58F0099F174 /* Group(群组) */,
				2439CBF91DADD5560099F174 /* Me(我) */,
				2439CBF61DADD5010099F174 /* AppDelegate */,
			);
			name = Classes;
			sourceTree = "<group>";
		};
		2439CBF61DADD5010099F174 /* AppDelegate */ = {
			isa = PBXGroup;
			children = (
				24DC365A1D8A8249001EBED8 /* AppDelegate.h */,
				24DC365B1D8A8249001EBED8 /* AppDelegate.m */,
			);
			name = AppDelegate;
			sourceTree = "<group>";
		};
		2439CBF71DADD51E0099F174 /* Main */ = {
			isa = PBXGroup;
			children = (
				2439CBFC1DADD7BD0099F174 /* YeeCallNavigationController.h */,
				2439CBFD1DADD7BD0099F174 /* YeeCallNavigationController.m */,
				2439CBFF1DADD7EE0099F174 /* YeeCallTabBarController.h */,
				2439CC001DADD7EE0099F174 /* YeeCallTabBarController.m */,
			);
			name = Main;
			sourceTree = "<group>";
		};
		2439CBF81DADD52C0099F174 /* YeeCall(一块) */ = {
			isa = PBXGroup;
			children = (
				2439CC081DADD8DA0099F174 /* YeeCallViewController.h */,
				2439CC091DADD8DA0099F174 /* YeeCallViewController.m */,
			);
			name = "YeeCall(一块)";
			sourceTree = "<group>";
		};
		2439CBF91DADD5560099F174 /* Me(我) */ = {
			isa = PBXGroup;
			children = (
				2439CC0E1DADD8F60099F174 /* MeViewController.h */,
				2439CC0F1DADD8F60099F174 /* MeViewController.m */,
			);
			name = "Me(我)";
			sourceTree = "<group>";
		};
		2439CBFA1DADD58F0099F174 /* Group(群组) */ = {
			isa = PBXGroup;
			children = (
				2439CC0B1DADD8EA0099F174 /* GroupViewController.h */,
				2439CC0C1DADD8EA0099F174 /* GroupViewController.m */,
			);
			name = "Group(群组)";
			sourceTree = "<group>";
		};
		2439CBFB1DADD5AA0099F174 /* Friend(好友) */ = {
			isa = PBXGroup;
			children = (
				2439CC051DADD8BD0099F174 /* FriendViewController.h */,
				2439CC061DADD8BD0099F174 /* FriendViewController.m */,
			);
			name = "Friend(好友)";
			sourceTree = "<group>";
		};
		24DC364B1D8A8249001EBED8 = {
			isa = PBXGroup;
			children = (
				24DC36561D8A8249001EBED8 /* Code_ZCW_ChatView */,
				24DC36551D8A8249001EBED8 /* Products */,
			);
			sourceTree = "<group>";
		};
		24DC36551D8A8249001EBED8 /* Products */ = {
			isa = PBXGroup;
			children = (
				24DC36541D8A8249001EBED8 /* Code_ZCW_ChatView.app */,
			);
			name = Products;
			sourceTree = "<group>";
		};
		24DC36561D8A8249001EBED8 /* Code_ZCW_ChatView */ = {
			isa = PBXGroup;
			children = (
				2439CBF51DADD3D60099F174 /* Classes */,
				24DC36601D8A8249001EBED8 /* Main.storyboard */,
				24DC36631D8A8249001EBED8 /* Assets.xcassets */,
				24DC36651D8A8249001EBED8 /* LaunchScreen.storyboard */,
				24DC36681D8A8249001EBED8 /* Info.plist */,
				24DC36571D8A8249001EBED8 /* Supporting Files */,
			);
			path = Code_ZCW_ChatView;
			sourceTree = "<group>";
		};
		24DC36571D8A8249001EBED8 /* Supporting Files */ = {
			isa = PBXGroup;
			children = (
				24DC36581D8A8249001EBED8 /* main.m */,
			);
			name = "Supporting Files";
			sourceTree = "<group>";
		};
/* End PBXGroup section */

/* Begin PBXNativeTarget section */
		24DC36531D8A8249001EBED8 /* Code_ZCW_ChatView */ = {
			isa = PBXNativeTarget;
			buildConfigurationList = 24DC366B1D8A8249001EBED8 /* Build configuration list for PBXNativeTarget "Code_ZCW_ChatView" */;
			buildPhases = (
				24DC36501D8A8249001EBED8 /* Sources */,
				24DC36511D8A8249001EBED8 /* Frameworks */,
				24DC36521D8A8249001EBED8 /* Resources */,
			);
			buildRules = (
			);
			dependencies = (
			);
			name = Code_ZCW_ChatView;
			productName = Code_ZCW_ChatView;
			productReference = 24DC36541D8A8249001EBED8 /* Code_ZCW_ChatView.app */;
			productType = "com.apple.product-type.application";
		};
/* End PBXNativeTarget section */

/* Begin PBXProject section */
		24DC364C1D8A8249001EBED8 /* Project object */ = {
			isa = PBXProject;
			attributes = {
				LastUpgradeCheck = 0800;
				ORGANIZATIONNAME = "张朝伟";
				TargetAttributes = {
					24DC36531D8A8249001EBED8 = {
						CreatedOnToolsVersion = 8.0;
						DevelopmentTeam = 7KHT33HNZK;
						ProvisioningStyle = Automatic;
						SystemCapabilities = {
							com.apple.BackgroundModes = {
								enabled = 0;
							};
						};
					};
				};
			};
			buildConfigurationList = 24DC364F1D8A8249001EBED8 /* Build configuration list for PBXProject "Code_ZCW_ChatView" */;
			compatibilityVersion = "Xcode 3.2";
			developmentRegion = English;
			hasScannedForEncodings = 0;
			knownRegions = (
				en,
				Base,
			);
			mainGroup = 24DC364B1D8A8249001EBED8;
			productRefGroup = 24DC36551D8A8249001EBED8 /* Products */;
			projectDirPath = "";
			projectRoot = "";
			targets = (
				24DC36531D8A8249001EBED8 /* Code_ZCW_ChatView */,
			);
		};
/* End PBXProject section */

/* Begin PBXResourcesBuildPhase section */
		24DC36521D8A8249001EBED8 /* Resources */ = {
			isa = PBXResourcesBuildPhase;
			buildActionMask = 2147483647;
			files = (
				24DC36671D8A8249001EBED8 /* LaunchScreen.storyboard in Resources */,
				24DC36641D8A8249001EBED8 /* Assets.xcassets in Resources */,
				24DC36621D8A8249001EBED8 /* Main.storyboard in Resources */,
			);
			runOnlyForDeploymentPostprocessing = 0;
		};
/* End PBXResourcesBuildPhase section */

/* Begin PBXSourcesBuildPhase section */
		24DC36501D8A8249001EBED8 /* Sources */ = {
			isa = PBXSourcesBuildPhase;
			buildActionMask = 2147483647;
			files = (
				2439CC0D1DADD8EA0099F174 /* GroupViewController.m in Sources */,
				24DC365C1D8A8249001EBED8 /* AppDelegate.m in Sources */,
				2439CBFE1DADD7BD0099F174 /* YeeCallNavigationController.m in Sources */,
				24DC36591D8A8249001EBED8 /* main.m in Sources */,
				2439CC071DADD8BD0099F174 /* FriendViewController.m in Sources */,
				2439CC0A1DADD8DA0099F174 /* YeeCallViewController.m in Sources */,
				2439CC101DADD8F60099F174 /* MeViewController.m in Sources */,
				2439CC011DADD7EE0099F174 /* YeeCallTabBarController.m in Sources */,
			);
			runOnlyForDeploymentPostprocessing = 0;
		};
/* End PBXSourcesBuildPhase section */

/* Begin PBXVariantGroup section */
		24DC36601D8A8249001EBED8 /* Main.storyboard */ = {
			isa = PBXVariantGroup;
			children = (
				24DC36611D8A8249001EBED8 /* Base */,
			);
			name = Main.storyboard;
			sourceTree = "<group>";
		};
		24DC36651D8A8249001EBED8 /* LaunchScreen.storyboard */ = {
			isa = PBXVariantGroup;
			children = (
				24DC36661D8A8249001EBED8 /* Base */,
			);
			name = LaunchScreen.storyboard;
			sourceTree = "<group>";
		};
/* End PBXVariantGroup section */

/* Begin XCBuildConfiguration section */
		24DC36691D8A8249001EBED8 /* Debug */ = {
			isa = XCBuildConfiguration;
			buildSettings = {
				ALWAYS_SEARCH_USER_PATHS = NO;
				CLANG_ANALYZER_NONNULL = YES;
				CLANG_CXX_LANGUAGE_STANDARD = "gnu++0x";
				CLANG_CXX_LIBRARY = "libc++";
				CLANG_ENABLE_MODULES = YES;
				CLANG_ENABLE_OBJC_ARC = YES;
				CLANG_WARN_BOOL_CONVERSION = YES;
				CLANG_WARN_CONSTANT_CONVERSION = YES;
				CLANG_WARN_DIRECT_OBJC_ISA_USAGE = YES_ERROR;
				CLANG_WARN_DOCUMENTATION_COMMENTS = YES;
				CLANG_WARN_EMPTY_BODY = YES;
				CLANG_WARN_ENUM_CONVERSION = YES;
				CLANG_WARN_INFINITE_RECURSION = YES;
				CLANG_WARN_INT_CONVERSION = YES;
				CLANG_WARN_OBJC_ROOT_CLASS = YES_ERROR;
				CLANG_WARN_SUSPICIOUS_MOVES = YES;
				CLANG_WARN_UNREACHABLE_CODE = YES;
				CLANG_WARN__DUPLICATE_METHOD_MATCH = YES;
				"CODE_SIGN_IDENTITY[sdk=iphoneos*]" = "iPhone Developer";
				COPY_PHASE_STRIP = NO;
				DEBUG_INFORMATION_FORMAT = dwarf;
				ENABLE_STRICT_OBJC_MSGSEND = YES;
				ENABLE_TESTABILITY = YES;
				GCC_C_LANGUAGE_STANDARD = gnu99;
				GCC_DYNAMIC_NO_PIC = NO;
				GCC_NO_COMMON_BLOCKS = YES;
				GCC_OPTIMIZATION_LEVEL = 0;
				GCC_PREPROCESSOR_DEFINITIONS = (
					"DEBUG=1",
					"$(inherited)",
				);
				GCC_WARN_64_TO_32_BIT_CONVERSION = YES;
				GCC_WARN_ABOUT_RETURN_TYPE = YES_ERROR;
				GCC_WARN_UNDECLARED_SELECTOR = YES;
				GCC_WARN_UNINITIALIZED_AUTOS = YES_AGGRESSIVE;
				GCC_WARN_UNUSED_FUNCTION = YES;
				GCC_WARN_UNUSED_VARIABLE = YES;
				IPHONEOS_DEPLOYMENT_TARGET = 10.0;
				MTL_ENABLE_DEBUG_INFO = YES;
				ONLY_ACTIVE_ARCH = YES;
				SDKROOT = iphoneos;
			};
			name = Debug;
		};
		24DC366A1D8A8249001EBED8 /* Release */ = {
			isa = XCBuildConfiguration;
			buildSettings = {
				ALWAYS_SEARCH_USER_PATHS = NO;
				CLANG_ANALYZER_NONNULL = YES;
				CLANG_CXX_LANGUAGE_STANDARD = "gnu++0x";
				CLANG_CXX_LIBRARY = "libc++";
				CLANG_ENABLE_MODULES = YES;
				CLANG_ENABLE_OBJC_ARC = YES;
				CLANG_WARN_BOOL_CONVERSION = YES;
				CLANG_WARN_CONSTANT_CONVERSION = YES;
				CLANG_WARN_DIRECT_OBJC_ISA_USAGE = YES_ERROR;
				CLANG_WARN_DOCUMENTATION_COMMENTS = YES;
				CLANG_WARN_EMPTY_BODY = YES;
				CLANG_WARN_ENUM_CONVERSION = YES;
				CLANG_WARN_INFINITE_RECURSION = YES;
				CLANG_WARN_INT_CONVERSION = YES;
				CLANG_WARN_OBJC_ROOT_CLASS = YES_ERROR;
				CLANG_WARN_SUSPICIOUS_MOVES = YES;
				CLANG_WARN_UNREACHABLE_CODE = YES;
				CLANG_WARN__DUPLICATE_METHOD_MATCH = YES;
				"CODE_SIGN_IDENTITY[sdk=iphoneos*]" = "iPhone Developer";
				COPY_PHASE_STRIP = NO;
				DEBUG_INFORMATION_FORMAT = "dwarf-with-dsym";
				ENABLE_NS_ASSERTIONS = NO;
				ENABLE_STRICT_OBJC_MSGSEND = YES;
				GCC_C_LANGUAGE_STANDARD = gnu99;
				GCC_NO_COMMON_BLOCKS = YES;
				GCC_WARN_64_TO_32_BIT_CONVERSION = YES;
				GCC_WARN_ABOUT_RETURN_TYPE = YES_ERROR;
				GCC_WARN_UNDECLARED_SELECTOR = YES;
				GCC_WARN_UNINITIALIZED_AUTOS = YES_AGGRESSIVE;
				GCC_WARN_UNUSED_FUNCTION = YES;
				GCC_WARN_UNUSED_VARIABLE = YES;
				IPHONEOS_DEPLOYMENT_TARGET = 10.0;
				MTL_ENABLE_DEBUG_INFO = NO;
				SDKROOT = iphoneos;
				VALIDATE_PRODUCT = YES;
			};
			name = Release;
		};
		24DC366C1D8A8249001EBED8 /* Debug */ = {
			isa = XCBuildConfiguration;
			buildSettings = {
				ASSETCATALOG_COMPILER_APPICON_NAME = AppIcon;
				DEVELOPMENT_TEAM = 7KHT33HNZK;
				INFOPLIST_FILE = Code_ZCW_ChatView/Info.plist;
				IPHONEOS_DEPLOYMENT_TARGET = 9.0;
				LD_RUNPATH_SEARCH_PATHS = "$(inherited) @executable_path/Frameworks";
				PRODUCT_BUNDLE_IDENTIFIER = "com.zcwlwen.code.Code-ZCW-ChatView";
				PRODUCT_NAME = "$(TARGET_NAME)";
			};
			name = Debug;
		};
		24DC366D1D8A8249001EBED8 /* Release */ = {
			isa = XCBuildConfiguration;
			buildSettings = {
				ASSETCATALOG_COMPILER_APPICON_NAME = AppIcon;
				DEVELOPMENT_TEAM = 7KHT33HNZK;
				INFOPLIST_FILE = Code_ZCW_ChatView/Info.plist;
				IPHONEOS_DEPLOYMENT_TARGET = 9.0;
				LD_RUNPATH_SEARCH_PATHS = "$(inherited) @executable_path/Frameworks";
				PRODUCT_BUNDLE_IDENTIFIER = "com.zcwlwen.code.Code-ZCW-ChatView";
				PRODUCT_NAME = "$(TARGET_NAME)";
			};
			name = Release;
		};
/* End XCBuildConfiguration section */

/* Begin XCConfigurationList section */
		24DC364F1D8A8249001EBED8 /* Build configuration list for PBXProject "Code_ZCW_ChatView" */ = {
			isa = XCConfigurationList;
			buildConfigurations = (
				24DC36691D8A8249001EBED8 /* Debug */,
				24DC366A1D8A8249001EBED8 /* Release */,
			);
			defaultConfigurationIsVisible = 0;
			defaultConfigurationName = Release;
		};
		24DC366B1D8A8249001EBED8 /* Build configuration list for PBXNativeTarget "Code_ZCW_ChatView" */ = {
			isa = XCConfigurationList;
			buildConfigurations = (
				24DC366C1D8A8249001EBED8 /* Debug */,
				24DC366D1D8A8249001EBED8 /* Release */,
			);
			defaultConfigurationIsVisible = 0;
			defaultConfigurationName = Release;
		};
/* End XCConfigurationList section */
	};
	rootObject = 24DC364C1D8A8249001EBED8 /* Project object */;
}
