// !$*UTF8*$!
{
	archiveVersion = 1;
	classes = {
	};
	objectVersion = 46;
	objects = {

/* Begin PBXBuildFile section */
		2428DB1F1DAF1C3C002B040C /* GroupCollectionViewCell.m in Sources */ = {isa = PBXBuildFile; fileRef = 2428DB1E1DAF1C3C002B040C /* GroupCollectionViewCell.m */; };
		2428DB231DAF61BF002B040C /* LoginViewController.m in Sources */ = {isa = PBXBuildFile; fileRef = 2428DB221DAF61BF002B040C /* LoginViewController.m */; };
		2428DB261DAF61F4002B040C /* SignUpViewController.m in Sources */ = {isa = PBXBuildFile; fileRef = 2428DB251DAF61F4002B040C /* SignUpViewController.m */; };
		2428DB291DAF624B002B040C /* WelcomeViewController.m in Sources */ = {isa = PBXBuildFile; fileRef = 2428DB281DAF624B002B040C /* WelcomeViewController.m */; };
		2428DB2D1DB0B476002B040C /* ZCWHttpTool.m in Sources */ = {isa = PBXBuildFile; fileRef = 2428DB2C1DB0B476002B040C /* ZCWHttpTool.m */; };
		2428DB361DB0BEEC002B040C /* FriendModel.m in Sources */ = {isa = PBXBuildFile; fileRef = 2428DB351DB0BEEC002B040C /* FriendModel.m */; };
		2428DB391DB0BF33002B040C /* FriendCell.m in Sources */ = {isa = PBXBuildFile; fileRef = 2428DB381DB0BF33002B040C /* FriendCell.m */; };
		2439CBFE1DADD7BD0099F174 /* YeeCallNavigationController.m in Sources */ = {isa = PBXBuildFile; fileRef = 2439CBFD1DADD7BD0099F174 /* YeeCallNavigationController.m */; };
		2439CC011DADD7EE0099F174 /* YeeCallTabBarController.m in Sources */ = {isa = PBXBuildFile; fileRef = 2439CC001DADD7EE0099F174 /* YeeCallTabBarController.m */; };
		2439CC071DADD8BD0099F174 /* FriendViewController.m in Sources */ = {isa = PBXBuildFile; fileRef = 2439CC061DADD8BD0099F174 /* FriendViewController.m */; };
		2439CC0A1DADD8DA0099F174 /* YeeCallViewController.m in Sources */ = {isa = PBXBuildFile; fileRef = 2439CC091DADD8DA0099F174 /* YeeCallViewController.m */; };
		2439CC0D1DADD8EA0099F174 /* GroupViewController.m in Sources */ = {isa = PBXBuildFile; fileRef = 2439CC0C1DADD8EA0099F174 /* GroupViewController.m */; };
		2439CC101DADD8F60099F174 /* MeViewController.m in Sources */ = {isa = PBXBuildFile; fileRef = 2439CC0F1DADD8F60099F174 /* MeViewController.m */; };
		24DC36591D8A8249001EBED8 /* main.m in Sources */ = {isa = PBXBuildFile; fileRef = 24DC36581D8A8249001EBED8 /* main.m */; };
		24DC365C1D8A8249001EBED8 /* AppDelegate.m in Sources */ = {isa = PBXBuildFile; fileRef = 24DC365B1D8A8249001EBED8 /* AppDelegate.m */; };
		24DC36621D8A8249001EBED8 /* Main.storyboard in Resources */ = {isa = PBXBuildFile; fileRef = 24DC36601D8A8249001EBED8 /* Main.storyboard */; };
		24DC36641D8A8249001EBED8 /* Assets.xcassets in Resources */ = {isa = PBXBuildFile; fileRef = 24DC36631D8A8249001EBED8 /* Assets.xcassets */; };
		24DC36671D8A8249001EBED8 /* LaunchScreen.storyboard in Resources */ = {isa = PBXBuildFile; fileRef = 24DC36651D8A8249001EBED8 /* LaunchScreen.storyboard */; };
		8959AA3E7CE11EBB81527A0A /* libPods.a in Frameworks */ = {isa = PBXBuildFile; fileRef = C1CBAB76C89267979452D107 /* libPods.a */; };
/* End PBXBuildFile section */

/* Begin PBXFileReference section */
		2428DB191DADFEE9002B040C /* ChatView.pch */ = {isa = PBXFileReference; lastKnownFileType = sourcecode.c.h; path = ChatView.pch; sourceTree = "<group>"; };
		2428DB1D1DAF1C3C002B040C /* GroupCollectionViewCell.h */ = {isa = PBXFileReference; fileEncoding = 4; lastKnownFileType = sourcecode.c.h; path = GroupCollectionViewCell.h; sourceTree = "<group>"; };
		2428DB1E1DAF1C3C002B040C /* GroupCollectionViewCell.m */ = {isa = PBXFileReference; fileEncoding = 4; lastKnownFileType = sourcecode.c.objc; path = GroupCollectionViewCell.m; sourceTree = "<group>"; };
		2428DB211DAF61BF002B040C /* LoginViewController.h */ = {isa = PBXFileReference; fileEncoding = 4; lastKnownFileType = sourcecode.c.h; path = LoginViewController.h; sourceTree = "<group>"; };
		2428DB221DAF61BF002B040C /* LoginViewController.m */ = {isa = PBXFileReference; fileEncoding = 4; lastKnownFileType = sourcecode.c.objc; path = LoginViewController.m; sourceTree = "<group>"; };
		2428DB241DAF61F4002B040C /* SignUpViewController.h */ = {isa = PBXFileReference; fileEncoding = 4; lastKnownFileType = sourcecode.c.h; path = SignUpViewController.h; sourceTree = "<group>"; };
		2428DB251DAF61F4002B040C /* SignUpViewController.m */ = {isa = PBXFileReference; fileEncoding = 4; lastKnownFileType = sourcecode.c.objc; path = SignUpViewController.m; sourceTree = "<group>"; };
		2428DB271DAF624B002B040C /* WelcomeViewController.h */ = {isa = PBXFileReference; fileEncoding = 4; lastKnownFileType = sourcecode.c.h; path = WelcomeViewController.h; sourceTree = "<group>"; };
		2428DB281DAF624B002B040C /* WelcomeViewController.m */ = {isa = PBXFileReference; fileEncoding = 4; lastKnownFileType = sourcecode.c.objc; path = WelcomeViewController.m; sourceTree = "<group>"; };
		2428DB2B1DB0B476002B040C /* ZCWHttpTool.h */ = {isa = PBXFileReference; fileEncoding = 4; lastKnownFileType = sourcecode.c.h; path = ZCWHttpTool.h; sourceTree = "<group>"; };
		2428DB2C1DB0B476002B040C /* ZCWHttpTool.m */ = {isa = PBXFileReference; fileEncoding = 4; lastKnownFileType = sourcecode.c.objc; path = ZCWHttpTool.m; sourceTree = "<group>"; };
		2428DB341DB0BEEC002B040C /* FriendModel.h */ = {isa = PBXFileReference; fileEncoding = 4; lastKnownFileType = sourcecode.c.h; path = FriendModel.h; sourceTree = "<group>"; };
		2428DB351DB0BEEC002B040C /* FriendModel.m */ = {isa = PBXFileReference; fileEncoding = 4; lastKnownFileType = sourcecode.c.objc; path = FriendModel.m; sourceTree = "<group>"; };
		2428DB371DB0BF33002B040C /* FriendCell.h */ = {isa = PBXFileReference; fileEncoding = 4; lastKnownFileType = sourcecode.c.h; path = FriendCell.h; sourceTree = "<group>"; };
		2428DB381DB0BF33002B040C /* FriendCell.m */ = {isa = PBXFileReference; fileEncoding = 4; lastKnownFileType = sourcecode.c.objc; path = FriendCell.m; sourceTree = "<group>"; };
		2439CBFC1DADD7BD0099F174 /* YeeCallNavigationController.h */ = {isa = PBXFileReference; fileEncoding = 4; lastKnownFileType = sourcecode.c.h; path = YeeCallNavigationController.h; sourceTree = "<group>"; };
		2439CBFD1DADD7BD0099F174 /* YeeCallNavigationController.m */ = {isa = PBXFileReference; fileEncoding = 4; lastKnownFileType = sourcecode.c.objc; path = YeeCallNavigationController.m; sourceTree = "<group>"; };
		2439CBFF1DADD7EE0099F174 /* YeeCallTabBarController.h */ = {isa = PBXFileReference; fileEncoding = 4; lastKnownFileType = sourcecode.c.h; path = YeeCallTabBarController.h; sourceTree = "<group>"; };
		2439CC001DADD7EE0099F174 /* YeeCallTabBarController.m */ = {isa = PBXFileReference; fileEncoding = 4; lastKnownFileType = sourcecode.c.objc; path = YeeCallTabBarController.m; sourceTree = "<group>"; };
		2439CC051DADD8BD0099F174 /* FriendViewController.h */ = {isa = PBXFileReference; fileEncoding = 4; lastKnownFileType = sourcecode.c.h; path = FriendViewController.h; sourceTree = "<group>"; };
		2439CC061DADD8BD0099F174 /* FriendViewController.m */ = {isa = PBXFileReference; fileEncoding = 4; lastKnownFileType = sourcecode.c.objc; path = FriendViewController.m; sourceTree = "<group>"; };
		2439CC081DADD8DA0099F174 /* YeeCallViewController.h */ = {isa = PBXFileReference; fileEncoding = 4; lastKnownFileType = sourcecode.c.h; path = YeeCallViewController.h; sourceTree = "<group>"; };
		2439CC091DADD8DA0099F174 /* YeeCallViewController.m */ = {isa = PBXFileReference; fileEncoding = 4; lastKnownFileType = sourcecode.c.objc; path = YeeCallViewController.m; sourceTree = "<group>"; };
		2439CC0B1DADD8EA0099F174 /* GroupViewController.h */ = {isa = PBXFileReference; fileEncoding = 4; lastKnownFileType = sourcecode.c.h; path = GroupViewController.h; sourceTree = "<group>"; };
		2439CC0C1DADD8EA0099F174 /* GroupViewController.m */ = {isa = PBXFileReference; fileEncoding = 4; lastKnownFileType = sourcecode.c.objc; path = GroupViewController.m; sourceTree = "<group>"; };
		2439CC0E1DADD8F60099F174 /* MeViewController.h */ = {isa = PBXFileReference; fileEncoding = 4; lastKnownFileType = sourcecode.c.h; path = MeViewController.h; sourceTree = "<group>"; };
		2439CC0F1DADD8F60099F174 /* MeViewController.m */ = {isa = PBXFileReference; fileEncoding = 4; lastKnownFileType = sourcecode.c.objc; path = MeViewController.m; sourceTree = "<group>"; };
		24DC36541D8A8249001EBED8 /* Code_ZCW_ChatView.app */ = {isa = PBXFileReference; explicitFileType = wrapper.application; includeInIndex = 0; path = Code_ZCW_ChatView.app; sourceTree = BUILT_PRODUCTS_DIR; };
		24DC36581D8A8249001EBED8 /* main.m */ = {isa = PBXFileReference; lastKnownFileType = sourcecode.c.objc; path = main.m; sourceTree = "<group>"; };
		24DC365A1D8A8249001EBED8 /* AppDelegate.h */ = {isa = PBXFileReference; lastKnownFileType = sourcecode.c.h; path = AppDelegate.h; sourceTree = "<group>"; };
		24DC365B1D8A8249001EBED8 /* AppDelegate.m */ = {isa = PBXFileReference; lastKnownFileType = sourcecode.c.objc; path = AppDelegate.m; sourceTree = "<group>"; };
		24DC36611D8A8249001EBED8 /* Base */ = {isa = PBXFileReference; lastKnownFileType = file.storyboard; name = Base; path = Base.lproj/Main.storyboard; sourceTree = "<group>"; };
		24DC36631D8A8249001EBED8 /* Assets.xcassets */ = {isa = PBXFileReference; lastKnownFileType = folder.assetcatalog; path = Assets.xcassets; sourceTree = "<group>"; };
		24DC36661D8A8249001EBED8 /* Base */ = {isa = PBXFileReference; lastKnownFileType = file.storyboard; name = Base; path = Base.lproj/LaunchScreen.storyboard; sourceTree = "<group>"; };
		24DC36681D8A8249001EBED8 /* Info.plist */ = {isa = PBXFileReference; lastKnownFileType = text.plist.xml; path = Info.plist; sourceTree = "<group>"; };
		5F0DC700B5459989A3B2B7C2 /* Pods.release.xcconfig */ = {isa = PBXFileReference; includeInIndex = 1; lastKnownFileType = text.xcconfig; name = Pods.release.xcconfig; path = "Pods/Target Support Files/Pods/Pods.release.xcconfig"; sourceTree = "<group>"; };
		ABEDA12DA87287DA119DA5E6 /* Pods.debug.xcconfig */ = {isa = PBXFileReference; includeInIndex = 1; lastKnownFileType = text.xcconfig; name = Pods.debug.xcconfig; path = "Pods/Target Support Files/Pods/Pods.debug.xcconfig"; sourceTree = "<group>"; };
		C1CBAB76C89267979452D107 /* libPods.a */ = {isa = PBXFileReference; explicitFileType = archive.ar; includeInIndex = 0; path = libPods.a; sourceTree = BUILT_PRODUCTS_DIR; };
/* End PBXFileReference section */

/* Begin PBXFrameworksBuildPhase section */
		24DC36511D8A8249001EBED8 /* Frameworks */ = {
			isa = PBXFrameworksBuildPhase;
			buildActionMask = 2147483647;
			files = (
				8959AA3E7CE11EBB81527A0A /* libPods.a in Frameworks */,
			);
			runOnlyForDeploymentPostprocessing = 0;
		};
/* End PBXFrameworksBuildPhase section */

/* Begin PBXGroup section */
		2428DB1A1DAF1C06002B040C /* Controller */ = {
			isa = PBXGroup;
			children = (
				2439CC0B1DADD8EA0099F174 /* GroupViewController.h */,
				2439CC0C1DADD8EA0099F174 /* GroupViewController.m */,
			);
			name = Controller;
			sourceTree = "<group>";
		};
		2428DB1B1DAF1C13002B040C /* View */ = {
			isa = PBXGroup;
			children = (
				2428DB1D1DAF1C3C002B040C /* GroupCollectionViewCell.h */,
				2428DB1E1DAF1C3C002B040C /* GroupCollectionViewCell.m */,
			);
			name = View;
			sourceTree = "<group>";
		};
		2428DB1C1DAF1C1E002B040C /* Model */ = {
			isa = PBXGroup;
			children = (
			);
			name = Model;
			sourceTree = "<group>";
		};
		2428DB201DAF6174002B040C /* Login */ = {
			isa = PBXGroup;
			children = (
				2428DB211DAF61BF002B040C /* LoginViewController.h */,
				2428DB221DAF61BF002B040C /* LoginViewController.m */,
				2428DB241DAF61F4002B040C /* SignUpViewController.h */,
				2428DB251DAF61F4002B040C /* SignUpViewController.m */,
				2428DB271DAF624B002B040C /* WelcomeViewController.h */,
				2428DB281DAF624B002B040C /* WelcomeViewController.m */,
			);
			name = Login;
			sourceTree = "<group>";
		};
		2428DB2A1DB0B438002B040C /* Tool */ = {
			isa = PBXGroup;
			children = (
				2428DB2B1DB0B476002B040C /* ZCWHttpTool.h */,
				2428DB2C1DB0B476002B040C /* ZCWHttpTool.m */,
			);
			name = Tool;
			sourceTree = "<group>";
		};
		2428DB311DB0BE9A002B040C /* Controller */ = {
			isa = PBXGroup;
			children = (
				2439CC051DADD8BD0099F174 /* FriendViewController.h */,
				2439CC061DADD8BD0099F174 /* FriendViewController.m */,
			);
			name = Controller;
			sourceTree = "<group>";
		};
		2428DB321DB0BEA2002B040C /* Model */ = {
			isa = PBXGroup;
			children = (
				2428DB341DB0BEEC002B040C /* FriendModel.h */,
				2428DB351DB0BEEC002B040C /* FriendModel.m */,
			);
			name = Model;
			sourceTree = "<group>";
		};
		2428DB331DB0BEAC002B040C /* View */ = {
			isa = PBXGroup;
			children = (
				2428DB371DB0BF33002B040C /* FriendCell.h */,
				2428DB381DB0BF33002B040C /* FriendCell.m */,
			);
			name = View;
			sourceTree = "<group>";
		};
		2439CBF51DADD3D60099F174 /* Classes */ = {
			isa = PBXGroup;
			children = (
				2428DB2A1DB0B438002B040C /* Tool */,
				2439CBF71DADD51E0099F174 /* Main */,
				2439CBF81DADD52C0099F174 /* YeeCall(一块) */,
				2439CBFB1DADD5AA0099F174 /* Friend(好友) */,
				2439CBFA1DADD58F0099F174 /* Group(群组) */,
				2439CBF91DADD5560099F174 /* Me(我) */,
				2439CBF61DADD5010099F174 /* AppDelegate */,
			);
			name = Classes;
			sourceTree = "<group>";
		};
		2439CBF61DADD5010099F174 /* AppDelegate */ = {
			isa = PBXGroup;
			children = (
				24DC365A1D8A8249001EBED8 /* AppDelegate.h */,
				24DC365B1D8A8249001EBED8 /* AppDelegate.m */,
			);
			name = AppDelegate;
			sourceTree = "<group>";
		};
		2439CBF71DADD51E0099F174 /* Main */ = {
			isa = PBXGroup;
			children = (
				2428DB201DAF6174002B040C /* Login */,
				2439CBFC1DADD7BD0099F174 /* YeeCallNavigationController.h */,
				2439CBFD1DADD7BD0099F174 /* YeeCallNavigationController.m */,
				2439CBFF1DADD7EE0099F174 /* YeeCallTabBarController.h */,
				2439CC001DADD7EE0099F174 /* YeeCallTabBarController.m */,
			);
			name = Main;
			sourceTree = "<group>";
		};
		2439CBF81DADD52C0099F174 /* YeeCall(一块) */ = {
			isa = PBXGroup;
			children = (
				2439CC081DADD8DA0099F174 /* YeeCallViewController.h */,
				2439CC091DADD8DA0099F174 /* YeeCallViewController.m */,
			);
			name = "YeeCall(一块)";
			sourceTree = "<group>";
		};
		2439CBF91DADD5560099F174 /* Me(我) */ = {
			isa = PBXGroup;
			children = (
				2439CC0E1DADD8F60099F174 /* MeViewController.h */,
				2439CC0F1DADD8F60099F174 /* MeViewController.m */,
			);
			name = "Me(我)";
			sourceTree = "<group>";
		};
		2439CBFA1DADD58F0099F174 /* Group(群组) */ = {
			isa = PBXGroup;
			children = (
				2428DB1C1DAF1C1E002B040C /* Model */,
				2428DB1B1DAF1C13002B040C /* View */,
				2428DB1A1DAF1C06002B040C /* Controller */,
			);
			name = "Group(群组)";
			sourceTree = "<group>";
		};
		2439CBFB1DADD5AA0099F174 /* Friend(好友) */ = {
			isa = PBXGroup;
			children = (
				2428DB331DB0BEAC002B040C /* View */,
				2428DB321DB0BEA2002B040C /* Model */,
				2428DB311DB0BE9A002B040C /* Controller */,
			);
			name = "Friend(好友)";
			sourceTree = "<group>";
		};
		24DC364B1D8A8249001EBED8 = {
			isa = PBXGroup;
			children = (
				24DC36561D8A8249001EBED8 /* Code_ZCW_ChatView */,
				24DC36551D8A8249001EBED8 /* Products */,
				CD2DC07D18B0399B1E8A1B28 /* Pods */,
				9EA1368C03129C2CB0DDA1A6 /* Frameworks */,
			);
			sourceTree = "<group>";
		};
		24DC36551D8A8249001EBED8 /* Products */ = {
			isa = PBXGroup;
			children = (
				24DC36541D8A8249001EBED8 /* Code_ZCW_ChatView.app */,
			);
			name = Products;
			sourceTree = "<group>";
		};
		24DC36561D8A8249001EBED8 /* Code_ZCW_ChatView */ = {
			isa = PBXGroup;
			children = (
				2439CBF51DADD3D60099F174 /* Classes */,
				24DC36601D8A8249001EBED8 /* Main.storyboard */,
				24DC36631D8A8249001EBED8 /* Assets.xcassets */,
				24DC36651D8A8249001EBED8 /* LaunchScreen.storyboard */,
				24DC36681D8A8249001EBED8 /* Info.plist */,
				2428DB191DADFEE9002B040C /* ChatView.pch */,
				24DC36571D8A8249001EBED8 /* Supporting Files */,
			);
			path = Code_ZCW_ChatView;
			sourceTree = "<group>";
		};
		24DC36571D8A8249001EBED8 /* Supporting Files */ = {
			isa = PBXGroup;
			children = (
				24DC36581D8A8249001EBED8 /* main.m */,
			);
			name = "Supporting Files";
			sourceTree = "<group>";
		};
		9EA1368C03129C2CB0DDA1A6 /* Frameworks */ = {
			isa = PBXGroup;
			children = (
				C1CBAB76C89267979452D107 /* libPods.a */,
			);
			name = Frameworks;
			sourceTree = "<group>";
		};
		CD2DC07D18B0399B1E8A1B28 /* Pods */ = {
			isa = PBXGroup;
			children = (
				ABEDA12DA87287DA119DA5E6 /* Pods.debug.xcconfig */,
				5F0DC700B5459989A3B2B7C2 /* Pods.release.xcconfig */,
			);
			name = Pods;
			sourceTree = "<group>";
		};
/* End PBXGroup section */

/* Begin PBXNativeTarget section */
		24DC36531D8A8249001EBED8 /* Code_ZCW_ChatView */ = {
			isa = PBXNativeTarget;
			buildConfigurationList = 24DC366B1D8A8249001EBED8 /* Build configuration list for PBXNativeTarget "Code_ZCW_ChatView" */;
			buildPhases = (
				EDD66129E83B1C2CE5942093 /* Check Pods Manifest.lock */,
				24DC36501D8A8249001EBED8 /* Sources */,
				24DC36511D8A8249001EBED8 /* Frameworks */,
				24DC36521D8A8249001EBED8 /* Resources */,
				78CE7E6358ACD95A3D6D7226 /* Embed Pods Frameworks */,
				E3B38EC39105E385587571D6 /* Copy Pods Resources */,
			);
			buildRules = (
			);
			dependencies = (
			);
			name = Code_ZCW_ChatView;
			productName = Code_ZCW_ChatView;
			productReference = 24DC36541D8A8249001EBED8 /* Code_ZCW_ChatView.app */;
			productType = "com.apple.product-type.application";
		};
/* End PBXNativeTarget section */

/* Begin PBXProject section */
		24DC364C1D8A8249001EBED8 /* Project object */ = {
			isa = PBXProject;
			attributes = {
				LastUpgradeCheck = 0800;
				ORGANIZATIONNAME = "张朝伟";
				TargetAttributes = {
					24DC36531D8A8249001EBED8 = {
						CreatedOnToolsVersion = 8.0;
						DevelopmentTeam = 7KHT33HNZK;
						ProvisioningStyle = Automatic;
						SystemCapabilities = {
							com.apple.BackgroundModes = {
								enabled = 0;
							};
						};
					};
				};
			};
			buildConfigurationList = 24DC364F1D8A8249001EBED8 /* Build configuration list for PBXProject "Code_ZCW_ChatView" */;
			compatibilityVersion = "Xcode 3.2";
			developmentRegion = English;
			hasScannedForEncodings = 0;
			knownRegions = (
				en,
				Base,
			);
			mainGroup = 24DC364B1D8A8249001EBED8;
			productRefGroup = 24DC36551D8A8249001EBED8 /* Products */;
			projectDirPath = "";
			projectRoot = "";
			targets = (
				24DC36531D8A8249001EBED8 /* Code_ZCW_ChatView */,
			);
		};
/* End PBXProject section */

/* Begin PBXResourcesBuildPhase section */
		24DC36521D8A8249001EBED8 /* Resources */ = {
			isa = PBXResourcesBuildPhase;
			buildActionMask = 2147483647;
			files = (
				24DC36671D8A8249001EBED8 /* LaunchScreen.storyboard in Resources */,
				24DC36641D8A8249001EBED8 /* Assets.xcassets in Resources */,
				24DC36621D8A8249001EBED8 /* Main.storyboard in Resources */,
			);
			runOnlyForDeploymentPostprocessing = 0;
		};
/* End PBXResourcesBuildPhase section */

/* Begin PBXShellScriptBuildPhase section */
		78CE7E6358ACD95A3D6D7226 /* Embed Pods Frameworks */ = {
			isa = PBXShellScriptBuildPhase;
			buildActionMask = 2147483647;
			files = (
			);
			inputPaths = (
			);
			name = "Embed Pods Frameworks";
			outputPaths = (
			);
			runOnlyForDeploymentPostprocessing = 0;
			shellPath = /bin/sh;
			shellScript = "\"${SRCROOT}/Pods/Target Support Files/Pods/Pods-frameworks.sh\"\n";
			showEnvVarsInLog = 0;
		};
		E3B38EC39105E385587571D6 /* Copy Pods Resources */ = {
			isa = PBXShellScriptBuildPhase;
			buildActionMask = 2147483647;
			files = (
			);
			inputPaths = (
			);
			name = "Copy Pods Resources";
			outputPaths = (
			);
			runOnlyForDeploymentPostprocessing = 0;
			shellPath = /bin/sh;
			shellScript = "\"${SRCROOT}/Pods/Target Support Files/Pods/Pods-resources.sh\"\n";
			showEnvVarsInLog = 0;
		};
		EDD66129E83B1C2CE5942093 /* Check Pods Manifest.lock */ = {
			isa = PBXShellScriptBuildPhase;
			buildActionMask = 2147483647;
			files = (
			);
			inputPaths = (
			);
			name = "Check Pods Manifest.lock";
			outputPaths = (
			);
			runOnlyForDeploymentPostprocessing = 0;
			shellPath = /bin/sh;
			shellScript = "diff \"${PODS_ROOT}/../Podfile.lock\" \"${PODS_ROOT}/Manifest.lock\" > /dev/null\nif [[ $? != 0 ]] ; then\n    cat << EOM\nerror: The sandbox is not in sync with the Podfile.lock. Run 'pod install' or update your CocoaPods installation.\nEOM\n    exit 1\nfi\n";
			showEnvVarsInLog = 0;
		};
/* End PBXShellScriptBuildPhase section */

/* Begin PBXSourcesBuildPhase section */
		24DC36501D8A8249001EBED8 /* Sources */ = {
			isa = PBXSourcesBuildPhase;
			buildActionMask = 2147483647;
			files = (
				2428DB2D1DB0B476002B040C /* ZCWHttpTool.m in Sources */,
				2439CC0D1DADD8EA0099F174 /* GroupViewController.m in Sources */,
				24DC365C1D8A8249001EBED8 /* AppDelegate.m in Sources */,
				2439CBFE1DADD7BD0099F174 /* YeeCallNavigationController.m in Sources */,
				24DC36591D8A8249001EBED8 /* main.m in Sources */,
				2428DB231DAF61BF002B040C /* LoginViewController.m in Sources */,
				2428DB291DAF624B002B040C /* WelcomeViewController.m in Sources */,
				2439CC071DADD8BD0099F174 /* FriendViewController.m in Sources */,
				2428DB1F1DAF1C3C002B040C /* GroupCollectionViewCell.m in Sources */,
				2439CC0A1DADD8DA0099F174 /* YeeCallViewController.m in Sources */,
				2439CC101DADD8F60099F174 /* MeViewController.m in Sources */,
				2428DB261DAF61F4002B040C /* SignUpViewController.m in Sources */,
				2428DB391DB0BF33002B040C /* FriendCell.m in Sources */,
				2439CC011DADD7EE0099F174 /* YeeCallTabBarController.m in Sources */,
				2428DB361DB0BEEC002B040C /* FriendModel.m in Sources */,
			);
			runOnlyForDeploymentPostprocessing = 0;
		};
/* End PBXSourcesBuildPhase section */

/* Begin PBXVariantGroup section */
		24DC36601D8A8249001EBED8 /* Main.storyboard */ = {
			isa = PBXVariantGroup;
			children = (
				24DC36611D8A8249001EBED8 /* Base */,
			);
			name = Main.storyboard;
			sourceTree = "<group>";
		};
		24DC36651D8A8249001EBED8 /* LaunchScreen.storyboard */ = {
			isa = PBXVariantGroup;
			children = (
				24DC36661D8A8249001EBED8 /* Base */,
			);
			name = LaunchScreen.storyboard;
			sourceTree = "<group>";
		};
/* End PBXVariantGroup section */

/* Begin XCBuildConfiguration section */
		24DC36691D8A8249001EBED8 /* Debug */ = {
			isa = XCBuildConfiguration;
			buildSettings = {
				ALWAYS_SEARCH_USER_PATHS = NO;
				CLANG_ANALYZER_NONNULL = YES;
				CLANG_CXX_LANGUAGE_STANDARD = "gnu++0x";
				CLANG_CXX_LIBRARY = "libc++";
				CLANG_ENABLE_MODULES = YES;
				CLANG_ENABLE_OBJC_ARC = YES;
				CLANG_WARN_BOOL_CONVERSION = YES;
				CLANG_WARN_CONSTANT_CONVERSION = YES;
				CLANG_WARN_DIRECT_OBJC_ISA_USAGE = YES_ERROR;
				CLANG_WARN_DOCUMENTATION_COMMENTS = YES;
				CLANG_WARN_EMPTY_BODY = YES;
				CLANG_WARN_ENUM_CONVERSION = YES;
				CLANG_WARN_INFINITE_RECURSION = YES;
				CLANG_WARN_INT_CONVERSION = YES;
				CLANG_WARN_OBJC_ROOT_CLASS = YES_ERROR;
				CLANG_WARN_SUSPICIOUS_MOVE = YES;
				CLANG_WARN_SUSPICIOUS_MOVES = YES;
				CLANG_WARN_UNREACHABLE_CODE = YES;
				CLANG_WARN__DUPLICATE_METHOD_MATCH = YES;
				"CODE_SIGN_IDENTITY[sdk=iphoneos*]" = "iPhone Developer";
				COPY_PHASE_STRIP = NO;
				DEBUG_INFORMATION_FORMAT = dwarf;
				ENABLE_STRICT_OBJC_MSGSEND = YES;
				ENABLE_TESTABILITY = YES;
				GCC_C_LANGUAGE_STANDARD = gnu99;
				GCC_DYNAMIC_NO_PIC = NO;
				GCC_NO_COMMON_BLOCKS = YES;
				GCC_OPTIMIZATION_LEVEL = 0;
				GCC_PREPROCESSOR_DEFINITIONS = (
					"DEBUG=1",
					"$(inherited)",
				);
				GCC_WARN_64_TO_32_BIT_CONVERSION = YES;
				GCC_WARN_ABOUT_RETURN_TYPE = YES_ERROR;
				GCC_WARN_UNDECLARED_SELECTOR = YES;
				GCC_WARN_UNINITIALIZED_AUTOS = YES_AGGRESSIVE;
				GCC_WARN_UNUSED_FUNCTION = YES;
				GCC_WARN_UNUSED_VARIABLE = YES;
				IPHONEOS_DEPLOYMENT_TARGET = 9.0;
				MTL_ENABLE_DEBUG_INFO = YES;
				ONLY_ACTIVE_ARCH = YES;
				SDKROOT = iphoneos;
			};
			name = Debug;
		};
		24DC366A1D8A8249001EBED8 /* Release */ = {
			isa = XCBuildConfiguration;
			buildSettings = {
				ALWAYS_SEARCH_USER_PATHS = NO;
				CLANG_ANALYZER_NONNULL = YES;
				CLANG_CXX_LANGUAGE_STANDARD = "gnu++0x";
				CLANG_CXX_LIBRARY = "libc++";
				CLANG_ENABLE_MODULES = YES;
				CLANG_ENABLE_OBJC_ARC = YES;
				CLANG_WARN_BOOL_CONVERSION = YES;
				CLANG_WARN_CONSTANT_CONVERSION = YES;
				CLANG_WARN_DIRECT_OBJC_ISA_USAGE = YES_ERROR;
				CLANG_WARN_DOCUMENTATION_COMMENTS = YES;
				CLANG_WARN_EMPTY_BODY = YES;
				CLANG_WARN_ENUM_CONVERSION = YES;
				CLANG_WARN_INFINITE_RECURSION = YES;
				CLANG_WARN_INT_CONVERSION = YES;
				CLANG_WARN_OBJC_ROOT_CLASS = YES_ERROR;
				CLANG_WARN_SUSPICIOUS_MOVE = YES;
				CLANG_WARN_SUSPICIOUS_MOVES = YES;
				CLANG_WARN_UNREACHABLE_CODE = YES;
				CLANG_WARN__DUPLICATE_METHOD_MATCH = YES;
				"CODE_SIGN_IDENTITY[sdk=iphoneos*]" = "iPhone Developer";
				COPY_PHASE_STRIP = NO;
				DEBUG_INFORMATION_FORMAT = "dwarf-with-dsym";
				ENABLE_NS_ASSERTIONS = NO;
				ENABLE_STRICT_OBJC_MSGSEND = YES;
				GCC_C_LANGUAGE_STANDARD = gnu99;
				GCC_NO_COMMON_BLOCKS = YES;
				GCC_WARN_64_TO_32_BIT_CONVERSION = YES;
				GCC_WARN_ABOUT_RETURN_TYPE = YES_ERROR;
				GCC_WARN_UNDECLARED_SELECTOR = YES;
				GCC_WARN_UNINITIALIZED_AUTOS = YES_AGGRESSIVE;
				GCC_WARN_UNUSED_FUNCTION = YES;
				GCC_WARN_UNUSED_VARIABLE = YES;
				IPHONEOS_DEPLOYMENT_TARGET = 9.0;
				MTL_ENABLE_DEBUG_INFO = NO;
				SDKROOT = iphoneos;
				VALIDATE_PRODUCT = YES;
			};
			name = Release;
		};
		24DC366C1D8A8249001EBED8 /* Debug */ = {
			isa = XCBuildConfiguration;
			baseConfigurationReference = ABEDA12DA87287DA119DA5E6 /* Pods.debug.xcconfig */;
			buildSettings = {
				ASSETCATALOG_COMPILER_APPICON_NAME = AppIcon;
				DEVELOPMENT_TEAM = 7KHT33HNZK;
				GCC_PRECOMPILE_PREFIX_HEADER = YES;
				GCC_PREFIX_HEADER = /Users/abai/Documents/Code/Code_ZCW_ChatView/Code_ZCW_ChatView/ChatView.pch;
				INFOPLIST_FILE = Code_ZCW_ChatView/Info.plist;
				IPHONEOS_DEPLOYMENT_TARGET = 9.0;
				LD_RUNPATH_SEARCH_PATHS = "$(inherited) @executable_path/Frameworks";
				PRODUCT_BUNDLE_IDENTIFIER = "com.zcwlwen.code.Code-ZCW-ChatView";
				PRODUCT_NAME = "$(TARGET_NAME)";
			};
			name = Debug;
		};
		24DC366D1D8A8249001EBED8 /* Release */ = {
			isa = XCBuildConfiguration;
			baseConfigurationReference = 5F0DC700B5459989A3B2B7C2 /* Pods.release.xcconfig */;
			buildSettings = {
				ASSETCATALOG_COMPILER_APPICON_NAME = AppIcon;
				DEVELOPMENT_TEAM = 7KHT33HNZK;
				GCC_PRECOMPILE_PREFIX_HEADER = YES;
				GCC_PREFIX_HEADER = /Users/abai/Documents/Code/Code_ZCW_ChatView/Code_ZCW_ChatView/ChatView.pch;
				INFOPLIST_FILE = Code_ZCW_ChatView/Info.plist;
				IPHONEOS_DEPLOYMENT_TARGET = 9.0;
				LD_RUNPATH_SEARCH_PATHS = "$(inherited) @executable_path/Frameworks";
				PRODUCT_BUNDLE_IDENTIFIER = "com.zcwlwen.code.Code-ZCW-ChatView";
				PRODUCT_NAME = "$(TARGET_NAME)";
			};
			name = Release;
		};
/* End XCBuildConfiguration section */

/* Begin XCConfigurationList section */
		24DC364F1D8A8249001EBED8 /* Build configuration list for PBXProject "Code_ZCW_ChatView" */ = {
			isa = XCConfigurationList;
			buildConfigurations = (
				24DC36691D8A8249001EBED8 /* Debug */,
				24DC366A1D8A8249001EBED8 /* Release */,
			);
			defaultConfigurationIsVisible = 0;
			defaultConfigurationName = Release;
		};
		24DC366B1D8A8249001EBED8 /* Build configuration list for PBXNativeTarget "Code_ZCW_ChatView" */ = {
			isa = XCConfigurationList;
			buildConfigurations = (
				24DC366C1D8A8249001EBED8 /* Debug */,
				24DC366D1D8A8249001EBED8 /* Release */,
			);
			defaultConfigurationIsVisible = 0;
			defaultConfigurationName = Release;
		};
/* End XCConfigurationList section */
	};
	rootObject = 24DC364C1D8A8249001EBED8 /* Project object */;
}
